{
    "_meta": {
        "hash": {
            "sha256": "8485f2f7a7c668bd4289c8c0f368b4b414f204a0af4cc7af263756c13d5f1c26"
        },
        "pipfile-spec": 6,
        "requires": {
            "python_version": "3.7"
        },
        "sources": [
            {
                "name": "pypi",
                "url": "https://pypi.python.org/simple",
                "verify_ssl": true
            }
        ]
    },
    "default": {
        "cbor2": {
            "hashes": [
                "sha256:17b615da69964f87e48c5adb34ba63db3068f65b9cd14a7b099503d9f8a0e9ae",
                "sha256:6391fd3d2a4e976ecf892638a0a2a88d85e6764124bf9f128a945bfefefe77dc"
            ],
            "version": "==4.1.2"
        },
        "greengrasssdk": {
            "hashes": [
                "sha256:122c9d6295b845d3719e62a7dde88a592c57c1214ecc13b5768cf535bf4a884d",
                "sha256:5a943d55ff94c2357fbced353f8710f928533a86223ac5c80e5c16c2636b6da3"
            ],
            "index": "pypi",
            "version": "==1.5.0"
        }
    },
    "develop": {}
}
